<Solution>
  <Folder Name="/src/">
    <Project Path="src/Glacier.Desktop/Glacier.Desktop.csproj" />
  </Folder>
  <Folder Name="/tests/">
    <Project Path="tests/Glacier.Desktop.Tests/Glacier.Desktop.Tests.csproj" />
  </Folder>
  <Folder Name="/benchmarks/">
    <Project Path="benchmarks/Glacier.Desktop.Benchmarks/Glacier.Desktop.Benchmarks.csproj" />
  </Folder>
  <Folder Name="/samples/">
    <Project Path="samples/Glacier.Desktop.Sample/Glacier.Desktop.Sample.csproj" />
  </Folder>
</Solution>
